
Microsoft Visual Studio Solution File, Format Version 12.00
# Visual Studio 15
Project("{FAE04EC0-301F-11D3-BF4B-00C04F79EFBC}") = "Assembly-CSharp", "Assembly-CSharp.csproj", "{CEBBF7B4-CFFB-82F2-3813-5A37931D33CC}"
EndProject
Project("{FAE04EC0-301F-11D3-BF4B-00C04F79EFBC}") = "Assembly-CSharp-firstpass", "Assembly-CSharp-firstpass.csproj", "{D3F55419-DC62-51A6-A034-62E44A8A1E82}"
EndProject
Project("{FAE04EC0-301F-11D3-BF4B-00C04F79EFBC}") = "Assembly-CSharp-Editor-firstpass", "Assembly-CSharp-Editor-firstpass.csproj", "{1F586DEF-D7B2-B9B2-3176-C3093473EA41}"
EndProject
Global
	GlobalSection(SolutionConfigurationPlatforms) = preSolution
		Debug|Any CPU = Debug|Any CPU
		Release|Any CPU = Release|Any CPU
	EndGlobalSection
	GlobalSection(ProjectConfigurationPlatforms) = postSolution
		{CEBBF7B4-CFFB-82F2-3813-5A37931D33CC}.Debug|Any CPU.ActiveCfg = Debug|Any CPU
		{CEBBF7B4-CFFB-82F2-3813-5A37931D33CC}.Debug|Any CPU.Build.0 = Debug|Any CPU
		{CEBBF7B4-CFFB-82F2-3813-5A37931D33CC}.Release|Any CPU.ActiveCfg = Release|Any CPU
		{CEBBF7B4-CFFB-82F2-3813-5A37931D33CC}.Release|Any CPU.Build.0 = Release|Any CPU
		{D3F55419-DC62-51A6-A034-62E44A8A1E82}.Debug|Any CPU.ActiveCfg = Debug|Any CPU
		{D3F55419-DC62-51A6-A034-62E44A8A1E82}.Debug|Any CPU.Build.0 = Debug|Any CPU
		{D3F55419-DC62-51A6-A034-62E44A8A1E82}.Release|Any CPU.ActiveCfg = Release|Any CPU
		{D3F55419-DC62-51A6-A034-62E44A8A1E82}.Release|Any CPU.Build.0 = Release|Any CPU
		{1F586DEF-D7B2-B9B2-3176-C3093473EA41}.Debug|Any CPU.ActiveCfg = Debug|Any CPU
		{1F586DEF-D7B2-B9B2-3176-C3093473EA41}.Debug|Any CPU.Build.0 = Debug|Any CPU
		{1F586DEF-D7B2-B9B2-3176-C3093473EA41}.Release|Any CPU.ActiveCfg = Release|Any CPU
		{1F586DEF-D7B2-B9B2-3176-C3093473EA41}.Release|Any CPU.Build.0 = Release|Any CPU
	EndGlobalSection
	GlobalSection(SolutionProperties) = preSolution
		HideSolutionNode = FALSE
	EndGlobalSection
EndGlobal
